
Microsoft Visual Studio Solution File, Format Version 12.00
# Visual Studio Version 17
VisualStudioVersion = 17.3.32825.248
MinimumVisualStudioVersion = 10.0.40219.1
Project("{9A19103F-16F7-4668-BE54-9A1E7A4F7556}") = "FileSystemManagement", "FileSystemManagement.csproj", "{CA57EF7C-13B7-45C1-83D5-2534B26E5E0A}"
EndProject
Global
	GlobalSection(SolutionConfigurationPlatforms) = preSolution
		Debug|Any CPU = Debug|Any CPU
		Release|Any CPU = Release|Any CPU
	EndGlobalSection
	GlobalSection(ProjectConfigurationPlatforms) = postSolution
		{CA57EF7C-13B7-45C1-83D5-2534B26E5E0A}.Debug|Any CPU.ActiveCfg = Debug|Any CPU
		{CA57EF7C-13B7-45C1-83D5-2534B26E5E0A}.Debug|Any CPU.Build.0 = Debug|Any CPU
		{CA57EF7C-13B7-45C1-83D5-2534B26E5E0A}.Release|Any CPU.ActiveCfg = Release|Any CPU
		{CA57EF7C-13B7-45C1-83D5-2534B26E5E0A}.Release|Any CPU.Build.0 = Release|Any CPU
	EndGlobalSection
	GlobalSection(SolutionProperties) = preSolution
		HideSolutionNode = FALSE
	EndGlobalSection
	GlobalSection(ExtensibilityGlobals) = postSolution
		SolutionGuid = {2F0F7E9F-8356-4E76-8351-019FE0F889B5}
	EndGlobalSection
EndGlobal
