
Microsoft Visual Studio Solution File, Format Version 12.00
# Visual Studio Version 17
VisualStudioVersion = 17.3.32825.248
MinimumVisualStudioVersion = 10.0.40219.1
Project("{FAE04EC0-301F-11D3-BF4B-00C04F79EFBC}") = "Domain", "Domain\Domain.csproj", "{3FD441DE-D252-4641-9B43-245B7DB1B2C0}"
EndProject
Project("{FAE04EC0-301F-11D3-BF4B-00C04F79EFBC}") = "Data.EntityFramework", "Data.EntityFramework\Data.EntityFramework.csproj", "{BCE0F320-E53D-4DA6-8A8C-A10204D46BF3}"
EndProject
Project("{FAE04EC0-301F-11D3-BF4B-00C04F79EFBC}") = "Api", "Api\Api.csproj", "{60CD99A8-922C-4797-97BA-33D97EA3034D}"
EndProject
Global
	GlobalSection(SolutionConfigurationPlatforms) = preSolution
		Debug|Any CPU = Debug|Any CPU
		Release|Any CPU = Release|Any CPU
	EndGlobalSection
	GlobalSection(ProjectConfigurationPlatforms) = postSolution
		{3FD441DE-D252-4641-9B43-245B7DB1B2C0}.Debug|Any CPU.ActiveCfg = Debug|Any CPU
		{3FD441DE-D252-4641-9B43-245B7DB1B2C0}.Debug|Any CPU.Build.0 = Debug|Any CPU
		{3FD441DE-D252-4641-9B43-245B7DB1B2C0}.Release|Any CPU.ActiveCfg = Release|Any CPU
		{3FD441DE-D252-4641-9B43-245B7DB1B2C0}.Release|Any CPU.Build.0 = Release|Any CPU
		{BCE0F320-E53D-4DA6-8A8C-A10204D46BF3}.Debug|Any CPU.ActiveCfg = Debug|Any CPU
		{BCE0F320-E53D-4DA6-8A8C-A10204D46BF3}.Debug|Any CPU.Build.0 = Debug|Any CPU
		{BCE0F320-E53D-4DA6-8A8C-A10204D46BF3}.Release|Any CPU.ActiveCfg = Release|Any CPU
		{BCE0F320-E53D-4DA6-8A8C-A10204D46BF3}.Release|Any CPU.Build.0 = Release|Any CPU
		{60CD99A8-922C-4797-97BA-33D97EA3034D}.Debug|Any CPU.ActiveCfg = Debug|Any CPU
		{60CD99A8-922C-4797-97BA-33D97EA3034D}.Debug|Any CPU.Build.0 = Debug|Any CPU
		{60CD99A8-922C-4797-97BA-33D97EA3034D}.Release|Any CPU.ActiveCfg = Release|Any CPU
		{60CD99A8-922C-4797-97BA-33D97EA3034D}.Release|Any CPU.Build.0 = Release|Any CPU
	EndGlobalSection
	GlobalSection(SolutionProperties) = preSolution
		HideSolutionNode = FALSE
	EndGlobalSection
	GlobalSection(ExtensibilityGlobals) = postSolution
		SolutionGuid = {2F0F7E9F-8356-4E76-8351-019FE0F889B5}
	EndGlobalSection
EndGlobal
